// !$*UTF8*$!
{
	archiveVersion = 1;
	classes = {
	};
	objectVersion = 50;
	objects = {

/* Begin PBXBuildFile section */
		018CF94A25121C7600283418 /* AppDelegate.m in Sources */ = {isa = PBXBuildFile; fileRef = 018CF94925121C7600283418 /* AppDelegate.m */; };
		018CF94D25121C7600283418 /* SceneDelegate.m in Sources */ = {isa = PBXBuildFile; fileRef = 018CF94C25121C7600283418 /* SceneDelegate.m */; };
		018CF95025121C7600283418 /* ViewController.m in Sources */ = {isa = PBXBuildFile; fileRef = 018CF94F25121C7600283418 /* ViewController.m */; };
		018CF95325121C7600283418 /* Main.storyboard in Resources */ = {isa = PBXBuildFile; fileRef = 018CF95125121C7600283418 /* Main.storyboard */; };
		018CF95525121C7900283418 /* Assets.xcassets in Resources */ = {isa = PBXBuildFile; fileRef = 018CF95425121C7900283418 /* Assets.xcassets */; };
		018CF95825121C7900283418 /* LaunchScreen.storyboard in Resources */ = {isa = PBXBuildFile; fileRef = 018CF95625121C7900283418 /* LaunchScreen.storyboard */; };
		018CF95B25121C7900283418 /* main.m in Sources */ = {isa = PBXBuildFile; fileRef = 018CF95A25121C7900283418 /* main.m */; };
		018CF96525121C7900283418 /* Gesture_trainTests.m in Sources */ = {isa = PBXBuildFile; fileRef = 018CF96425121C7900283418 /* Gesture_trainTests.m */; };
		018CF97025121C7900283418 /* Gesture_trainUITests.m in Sources */ = {isa = PBXBuildFile; fileRef = 018CF96F25121C7900283418 /* Gesture_trainUITests.m */; };
		018CF9812512486B00283418 /* BDSAddTextContainerView.m in Sources */ = {isa = PBXBuildFile; fileRef = 018CF9802512486B00283418 /* BDSAddTextContainerView.m */; };
		018CF984251248C200283418 /* BDSAddTextView.m in Sources */ = {isa = PBXBuildFile; fileRef = 018CF983251248C200283418 /* BDSAddTextView.m */; };
		05BC652EC12C6508CB3DAADA /* Pods_Gesture_train.framework in Frameworks */ = {isa = PBXBuildFile; fileRef = 9F46D6819096AC5761F7248C /* Pods_Gesture_train.framework */; };
		97A7B9BC4FEB0A342F83FF75 /* Pods_Gesture_trainTests.framework in Frameworks */ = {isa = PBXBuildFile; fileRef = 2E6E0228833C2EF26AD27230 /* Pods_Gesture_trainTests.framework */; };
		F03587DE7A71F4F4542477E8 /* Pods_Gesture_train_Gesture_trainUITests.framework in Frameworks */ = {isa = PBXBuildFile; fileRef = EAF940DFD95C6F4B63E8F498 /* Pods_Gesture_train_Gesture_trainUITests.framework */; };
/* End PBXBuildFile section */

/* Begin PBXContainerItemProxy section */
		018CF96125121C7900283418 /* PBXContainerItemProxy */ = {
			isa = PBXContainerItemProxy;
			containerPortal = 018CF93D25121C7600283418 /* Project object */;
			proxyType = 1;
			remoteGlobalIDString = 018CF94425121C7600283418;
			remoteInfo = "Gesture-train";
		};
		018CF96C25121C7900283418 /* PBXContainerItemProxy */ = {
			isa = PBXContainerItemProxy;
			containerPortal = 018CF93D25121C7600283418 /* Project object */;
			proxyType = 1;
			remoteGlobalIDString = 018CF94425121C7600283418;
			remoteInfo = "Gesture-train";
		};
/* End PBXContainerItemProxy section */

/* Begin PBXFileReference section */
		018CF94525121C7600283418 /* Gesture-train.app */ = {isa = PBXFileReference; explicitFileType = wrapper.application; includeInIndex = 0; path = "Gesture-train.app"; sourceTree = BUILT_PRODUCTS_DIR; };
		018CF94825121C7600283418 /* AppDelegate.h */ = {isa = PBXFileReference; lastKnownFileType = sourcecode.c.h; path = AppDelegate.h; sourceTree = "<group>"; };
		018CF94925121C7600283418 /* AppDelegate.m */ = {isa = PBXFileReference; lastKnownFileType = sourcecode.c.objc; path = AppDelegate.m; sourceTree = "<group>"; };
		018CF94B25121C7600283418 /* SceneDelegate.h */ = {isa = PBXFileReference; lastKnownFileType = sourcecode.c.h; path = SceneDelegate.h; sourceTree = "<group>"; };
		018CF94C25121C7600283418 /* SceneDelegate.m */ = {isa = PBXFileReference; lastKnownFileType = sourcecode.c.objc; path = SceneDelegate.m; sourceTree = "<group>"; };
		018CF94E25121C7600283418 /* ViewController.h */ = {isa = PBXFileReference; lastKnownFileType = sourcecode.c.h; path = ViewController.h; sourceTree = "<group>"; };
		018CF94F25121C7600283418 /* ViewController.m */ = {isa = PBXFileReference; lastKnownFileType = sourcecode.c.objc; path = ViewController.m; sourceTree = "<group>"; };
		018CF95225121C7600283418 /* Base */ = {isa = PBXFileReference; lastKnownFileType = file.storyboard; name = Base; path = Base.lproj/Main.storyboard; sourceTree = "<group>"; };
		018CF95425121C7900283418 /* Assets.xcassets */ = {isa = PBXFileReference; lastKnownFileType = folder.assetcatalog; path = Assets.xcassets; sourceTree = "<group>"; };
		018CF95725121C7900283418 /* Base */ = {isa = PBXFileReference; lastKnownFileType = file.storyboard; name = Base; path = Base.lproj/LaunchScreen.storyboard; sourceTree = "<group>"; };
		018CF95925121C7900283418 /* Info.plist */ = {isa = PBXFileReference; lastKnownFileType = text.plist.xml; path = Info.plist; sourceTree = "<group>"; };
		018CF95A25121C7900283418 /* main.m */ = {isa = PBXFileReference; lastKnownFileType = sourcecode.c.objc; path = main.m; sourceTree = "<group>"; };
		018CF96025121C7900283418 /* Gesture-trainTests.xctest */ = {isa = PBXFileReference; explicitFileType = wrapper.cfbundle; includeInIndex = 0; path = "Gesture-trainTests.xctest"; sourceTree = BUILT_PRODUCTS_DIR; };
		018CF96425121C7900283418 /* Gesture_trainTests.m */ = {isa = PBXFileReference; lastKnownFileType = sourcecode.c.objc; path = Gesture_trainTests.m; sourceTree = "<group>"; };
		018CF96625121C7900283418 /* Info.plist */ = {isa = PBXFileReference; lastKnownFileType = text.plist.xml; path = Info.plist; sourceTree = "<group>"; };
		018CF96B25121C7900283418 /* Gesture-trainUITests.xctest */ = {isa = PBXFileReference; explicitFileType = wrapper.cfbundle; includeInIndex = 0; path = "Gesture-trainUITests.xctest"; sourceTree = BUILT_PRODUCTS_DIR; };
		018CF96F25121C7900283418 /* Gesture_trainUITests.m */ = {isa = PBXFileReference; lastKnownFileType = sourcecode.c.objc; path = Gesture_trainUITests.m; sourceTree = "<group>"; };
		018CF97125121C7900283418 /* Info.plist */ = {isa = PBXFileReference; lastKnownFileType = text.plist.xml; path = Info.plist; sourceTree = "<group>"; };
		018CF97F2512486B00283418 /* BDSAddTextContainerView.h */ = {isa = PBXFileReference; lastKnownFileType = sourcecode.c.h; path = BDSAddTextContainerView.h; sourceTree = "<group>"; };
		018CF9802512486B00283418 /* BDSAddTextContainerView.m */ = {isa = PBXFileReference; lastKnownFileType = sourcecode.c.objc; path = BDSAddTextContainerView.m; sourceTree = "<group>"; };
		018CF982251248C200283418 /* BDSAddTextView.h */ = {isa = PBXFileReference; lastKnownFileType = sourcecode.c.h; path = BDSAddTextView.h; sourceTree = "<group>"; };
		018CF983251248C200283418 /* BDSAddTextView.m */ = {isa = PBXFileReference; lastKnownFileType = sourcecode.c.objc; path = BDSAddTextView.m; sourceTree = "<group>"; };
		1D27DA41AAE0E8FE11ED2B21 /* Pods-Gesture-train-Gesture-trainUITests.debug.xcconfig */ = {isa = PBXFileReference; includeInIndex = 1; lastKnownFileType = text.xcconfig; name = "Pods-Gesture-train-Gesture-trainUITests.debug.xcconfig"; path = "Target Support Files/Pods-Gesture-train-Gesture-trainUITests/Pods-Gesture-train-Gesture-trainUITests.debug.xcconfig"; sourceTree = "<group>"; };
		29C4C64326A5E477983C11BB /* Pods-Gesture-train.release.xcconfig */ = {isa = PBXFileReference; includeInIndex = 1; lastKnownFileType = text.xcconfig; name = "Pods-Gesture-train.release.xcconfig"; path = "Target Support Files/Pods-Gesture-train/Pods-Gesture-train.release.xcconfig"; sourceTree = "<group>"; };
		2E6E0228833C2EF26AD27230 /* Pods_Gesture_trainTests.framework */ = {isa = PBXFileReference; explicitFileType = wrapper.framework; includeInIndex = 0; path = Pods_Gesture_trainTests.framework; sourceTree = BUILT_PRODUCTS_DIR; };
		74F476FE7C15F5E2A0BEEDA7 /* Pods-Gesture-train-Gesture-trainUITests.release.xcconfig */ = {isa = PBXFileReference; includeInIndex = 1; lastKnownFileType = text.xcconfig; name = "Pods-Gesture-train-Gesture-trainUITests.release.xcconfig"; path = "Target Support Files/Pods-Gesture-train-Gesture-trainUITests/Pods-Gesture-train-Gesture-trainUITests.release.xcconfig"; sourceTree = "<group>"; };
		8F7EE9B936F2D0BCA830D360 /* Pods-Gesture-trainTests.release.xcconfig */ = {isa = PBXFileReference; includeInIndex = 1; lastKnownFileType = text.xcconfig; name = "Pods-Gesture-trainTests.release.xcconfig"; path = "Target Support Files/Pods-Gesture-trainTests/Pods-Gesture-trainTests.release.xcconfig"; sourceTree = "<group>"; };
		9F46D6819096AC5761F7248C /* Pods_Gesture_train.framework */ = {isa = PBXFileReference; explicitFileType = wrapper.framework; includeInIndex = 0; path = Pods_Gesture_train.framework; sourceTree = BUILT_PRODUCTS_DIR; };
		A995F2E610211983619AFE2D /* Pods-Gesture-train.debug.xcconfig */ = {isa = PBXFileReference; includeInIndex = 1; lastKnownFileType = text.xcconfig; name = "Pods-Gesture-train.debug.xcconfig"; path = "Target Support Files/Pods-Gesture-train/Pods-Gesture-train.debug.xcconfig"; sourceTree = "<group>"; };
		B889C288BDDA3D06E22ECECE /* Pods-Gesture-trainTests.debug.xcconfig */ = {isa = PBXFileReference; includeInIndex = 1; lastKnownFileType = text.xcconfig; name = "Pods-Gesture-trainTests.debug.xcconfig"; path = "Target Support Files/Pods-Gesture-trainTests/Pods-Gesture-trainTests.debug.xcconfig"; sourceTree = "<group>"; };
		EAF940DFD95C6F4B63E8F498 /* Pods_Gesture_train_Gesture_trainUITests.framework */ = {isa = PBXFileReference; explicitFileType = wrapper.framework; includeInIndex = 0; path = Pods_Gesture_train_Gesture_trainUITests.framework; sourceTree = BUILT_PRODUCTS_DIR; };
/* End PBXFileReference section */

/* Begin PBXFrameworksBuildPhase section */
		018CF94225121C7600283418 /* Frameworks */ = {
			isa = PBXFrameworksBuildPhase;
			buildActionMask = 2147483647;
			files = (
				05BC652EC12C6508CB3DAADA /* Pods_Gesture_train.framework in Frameworks */,
			);
			runOnlyForDeploymentPostprocessing = 0;
		};
		018CF95D25121C7900283418 /* Frameworks */ = {
			isa = PBXFrameworksBuildPhase;
			buildActionMask = 2147483647;
			files = (
				97A7B9BC4FEB0A342F83FF75 /* Pods_Gesture_trainTests.framework in Frameworks */,
			);
			runOnlyForDeploymentPostprocessing = 0;
		};
		018CF96825121C7900283418 /* Frameworks */ = {
			isa = PBXFrameworksBuildPhase;
			buildActionMask = 2147483647;
			files = (
				F03587DE7A71F4F4542477E8 /* Pods_Gesture_train_Gesture_trainUITests.framework in Frameworks */,
			);
			runOnlyForDeploymentPostprocessing = 0;
		};
/* End PBXFrameworksBuildPhase section */

/* Begin PBXGroup section */
		018CF93C25121C7600283418 = {
			isa = PBXGroup;
			children = (
				018CF94725121C7600283418 /* Gesture-train */,
				018CF96325121C7900283418 /* Gesture-trainTests */,
				018CF96E25121C7900283418 /* Gesture-trainUITests */,
				018CF94625121C7600283418 /* Products */,
				B9D33EA69F529004A9188B63 /* Pods */,
				C100F1528BE6D3459160A7C0 /* Frameworks */,
			);
			sourceTree = "<group>";
		};
		018CF94625121C7600283418 /* Products */ = {
			isa = PBXGroup;
			children = (
				018CF94525121C7600283418 /* Gesture-train.app */,
				018CF96025121C7900283418 /* Gesture-trainTests.xctest */,
				018CF96B25121C7900283418 /* Gesture-trainUITests.xctest */,
			);
			name = Products;
			sourceTree = "<group>";
		};
		018CF94725121C7600283418 /* Gesture-train */ = {
			isa = PBXGroup;
			children = (
				018CF97F2512486B00283418 /* BDSAddTextContainerView.h */,
				018CF9802512486B00283418 /* BDSAddTextContainerView.m */,
				018CF982251248C200283418 /* BDSAddTextView.h */,
				018CF983251248C200283418 /* BDSAddTextView.m */,
				018CF94825121C7600283418 /* AppDelegate.h */,
				018CF94925121C7600283418 /* AppDelegate.m */,
				018CF94B25121C7600283418 /* SceneDelegate.h */,
				018CF94C25121C7600283418 /* SceneDelegate.m */,
				018CF94E25121C7600283418 /* ViewController.h */,
				018CF94F25121C7600283418 /* ViewController.m */,
				018CF95125121C7600283418 /* Main.storyboard */,
				018CF95425121C7900283418 /* Assets.xcassets */,
				018CF95625121C7900283418 /* LaunchScreen.storyboard */,
				018CF95925121C7900283418 /* Info.plist */,
				018CF95A25121C7900283418 /* main.m */,
			);
			path = "Gesture-train";
			sourceTree = "<group>";
		};
		018CF96325121C7900283418 /* Gesture-trainTests */ = {
			isa = PBXGroup;
			children = (
				018CF96425121C7900283418 /* Gesture_trainTests.m */,
				018CF96625121C7900283418 /* Info.plist */,
			);
			path = "Gesture-trainTests";
			sourceTree = "<group>";
		};
		018CF96E25121C7900283418 /* Gesture-trainUITests */ = {
			isa = PBXGroup;
			children = (
				018CF96F25121C7900283418 /* Gesture_trainUITests.m */,
				018CF97125121C7900283418 /* Info.plist */,
			);
			path = "Gesture-trainUITests";
			sourceTree = "<group>";
		};
		B9D33EA69F529004A9188B63 /* Pods */ = {
			isa = PBXGroup;
			children = (
				A995F2E610211983619AFE2D /* Pods-Gesture-train.debug.xcconfig */,
				29C4C64326A5E477983C11BB /* Pods-Gesture-train.release.xcconfig */,
				1D27DA41AAE0E8FE11ED2B21 /* Pods-Gesture-train-Gesture-trainUITests.debug.xcconfig */,
				74F476FE7C15F5E2A0BEEDA7 /* Pods-Gesture-train-Gesture-trainUITests.release.xcconfig */,
				B889C288BDDA3D06E22ECECE /* Pods-Gesture-trainTests.debug.xcconfig */,
				8F7EE9B936F2D0BCA830D360 /* Pods-Gesture-trainTests.release.xcconfig */,
			);
			path = Pods;
			sourceTree = "<group>";
		};
		C100F1528BE6D3459160A7C0 /* Frameworks */ = {
			isa = PBXGroup;
			children = (
				9F46D6819096AC5761F7248C /* Pods_Gesture_train.framework */,
				EAF940DFD95C6F4B63E8F498 /* Pods_Gesture_train_Gesture_trainUITests.framework */,
				2E6E0228833C2EF26AD27230 /* Pods_Gesture_trainTests.framework */,
			);
			name = Frameworks;
			sourceTree = "<group>";
		};
/* End PBXGroup section */

/* Begin PBXNativeTarget section */
		018CF94425121C7600283418 /* Gesture-train */ = {
			isa = PBXNativeTarget;
			buildConfigurationList = 018CF97425121C7A00283418 /* Build configuration list for PBXNativeTarget "Gesture-train" */;
			buildPhases = (
				506E0DD368935168B9FDA223 /* [CP] Check Pods Manifest.lock */,
				018CF94125121C7600283418 /* Sources */,
				018CF94225121C7600283418 /* Frameworks */,
				018CF94325121C7600283418 /* Resources */,
			);
			buildRules = (
			);
			dependencies = (
			);
			name = "Gesture-train";
			productName = "Gesture-train";
			productReference = 018CF94525121C7600283418 /* Gesture-train.app */;
			productType = "com.apple.product-type.application";
		};
		018CF95F25121C7900283418 /* Gesture-trainTests */ = {
			isa = PBXNativeTarget;
			buildConfigurationList = 018CF97725121C7A00283418 /* Build configuration list for PBXNativeTarget "Gesture-trainTests" */;
			buildPhases = (
				CDEC4BA9B85B087AB73270CF /* [CP] Check Pods Manifest.lock */,
				018CF95C25121C7900283418 /* Sources */,
				018CF95D25121C7900283418 /* Frameworks */,
				018CF95E25121C7900283418 /* Resources */,
			);
			buildRules = (
			);
			dependencies = (
				018CF96225121C7900283418 /* PBXTargetDependency */,
			);
			name = "Gesture-trainTests";
			productName = "Gesture-trainTests";
			productReference = 018CF96025121C7900283418 /* Gesture-trainTests.xctest */;
			productType = "com.apple.product-type.bundle.unit-test";
		};
		018CF96A25121C7900283418 /* Gesture-trainUITests */ = {
			isa = PBXNativeTarget;
			buildConfigurationList = 018CF97A25121C7A00283418 /* Build configuration list for PBXNativeTarget "Gesture-trainUITests" */;
			buildPhases = (
				A3F16061126B57294C79EA00 /* [CP] Check Pods Manifest.lock */,
				018CF96725121C7900283418 /* Sources */,
				018CF96825121C7900283418 /* Frameworks */,
				018CF96925121C7900283418 /* Resources */,
			);
			buildRules = (
			);
			dependencies = (
				018CF96D25121C7900283418 /* PBXTargetDependency */,
			);
			name = "Gesture-trainUITests";
			productName = "Gesture-trainUITests";
			productReference = 018CF96B25121C7900283418 /* Gesture-trainUITests.xctest */;
			productType = "com.apple.product-type.bundle.ui-testing";
		};
/* End PBXNativeTarget section */

/* Begin PBXProject section */
		018CF93D25121C7600283418 /* Project object */ = {
			isa = PBXProject;
			attributes = {
				LastUpgradeCheck = 1160;
				ORGANIZATIONNAME = chenquanbin;
				TargetAttributes = {
					018CF94425121C7600283418 = {
						CreatedOnToolsVersion = 11.6;
					};
					018CF95F25121C7900283418 = {
						CreatedOnToolsVersion = 11.6;
						TestTargetID = 018CF94425121C7600283418;
					};
					018CF96A25121C7900283418 = {
						CreatedOnToolsVersion = 11.6;
						TestTargetID = 018CF94425121C7600283418;
					};
				};
			};
			buildConfigurationList = 018CF94025121C7600283418 /* Build configuration list for PBXProject "Gesture-train" */;
			compatibilityVersion = "Xcode 9.3";
			developmentRegion = en;
			hasScannedForEncodings = 0;
			knownRegions = (
				en,
				Base,
			);
			mainGroup = 018CF93C25121C7600283418;
			productRefGroup = 018CF94625121C7600283418 /* Products */;
			projectDirPath = "";
			projectRoot = "";
			targets = (
				018CF94425121C7600283418 /* Gesture-train */,
				018CF95F25121C7900283418 /* Gesture-trainTests */,
				018CF96A25121C7900283418 /* Gesture-trainUITests */,
			);
		};
/* End PBXProject section */

/* Begin PBXResourcesBuildPhase section */
		018CF94325121C7600283418 /* Resources */ = {
			isa = PBXResourcesBuildPhase;
			buildActionMask = 2147483647;
			files = (
				018CF95825121C7900283418 /* LaunchScreen.storyboard in Resources */,
				018CF95525121C7900283418 /* Assets.xcassets in Resources */,
				018CF95325121C7600283418 /* Main.storyboard in Resources */,
			);
			runOnlyForDeploymentPostprocessing = 0;
		};
		018CF95E25121C7900283418 /* Resources */ = {
			isa = PBXResourcesBuildPhase;
			buildActionMask = 2147483647;
			files = (
			);
			runOnlyForDeploymentPostprocessing = 0;
		};
		018CF96925121C7900283418 /* Resources */ = {
			isa = PBXResourcesBuildPhase;
			buildActionMask = 2147483647;
			files = (
			);
			runOnlyForDeploymentPostprocessing = 0;
		};
/* End PBXResourcesBuildPhase section */

/* Begin PBXShellScriptBuildPhase section */
		506E0DD368935168B9FDA223 /* [CP] Check Pods Manifest.lock */ = {
			isa = PBXShellScriptBuildPhase;
			buildActionMask = 2147483647;
			files = (
			);
			inputFileListPaths = (
			);
			inputPaths = (
				"${PODS_PODFILE_DIR_PATH}/Podfile.lock",
				"${PODS_ROOT}/Manifest.lock",
			);
			name = "[CP] Check Pods Manifest.lock";
			outputFileListPaths = (
			);
			outputPaths = (
				"$(DERIVED_FILE_DIR)/Pods-Gesture-train-checkManifestLockResult.txt",
			);
			runOnlyForDeploymentPostprocessing = 0;
			shellPath = /bin/sh;
			shellScript = "diff \"${PODS_PODFILE_DIR_PATH}/Podfile.lock\" \"${PODS_ROOT}/Manifest.lock\" > /dev/null\nif [ $? != 0 ] ; then\n    # print error to STDERR\n    echo \"error: The sandbox is not in sync with the Podfile.lock. Run 'pod install' or update your CocoaPods installation.\" >&2\n    exit 1\nfi\n# This output is used by Xcode 'outputs' to avoid re-running this script phase.\necho \"SUCCESS\" > \"${SCRIPT_OUTPUT_FILE_0}\"\n";
			showEnvVarsInLog = 0;
		};
		A3F16061126B57294C79EA00 /* [CP] Check Pods Manifest.lock */ = {
			isa = PBXShellScriptBuildPhase;
			buildActionMask = 2147483647;
			files = (
			);
			inputFileListPaths = (
			);
			inputPaths = (
				"${PODS_PODFILE_DIR_PATH}/Podfile.lock",
				"${PODS_ROOT}/Manifest.lock",
			);
			name = "[CP] Check Pods Manifest.lock";
			outputFileListPaths = (
			);
			outputPaths = (
				"$(DERIVED_FILE_DIR)/Pods-Gesture-train-Gesture-trainUITests-checkManifestLockResult.txt",
			);
			runOnlyForDeploymentPostprocessing = 0;
			shellPath = /bin/sh;
			shellScript = "diff \"${PODS_PODFILE_DIR_PATH}/Podfile.lock\" \"${PODS_ROOT}/Manifest.lock\" > /dev/null\nif [ $? != 0 ] ; then\n    # print error to STDERR\n    echo \"error: The sandbox is not in sync with the Podfile.lock. Run 'pod install' or update your CocoaPods installation.\" >&2\n    exit 1\nfi\n# This output is used by Xcode 'outputs' to avoid re-running this script phase.\necho \"SUCCESS\" > \"${SCRIPT_OUTPUT_FILE_0}\"\n";
			showEnvVarsInLog = 0;
		};
		CDEC4BA9B85B087AB73270CF /* [CP] Check Pods Manifest.lock */ = {
			isa = PBXShellScriptBuildPhase;
			buildActionMask = 2147483647;
			files = (
			);
			inputFileListPaths = (
			);
			inputPaths = (
				"${PODS_PODFILE_DIR_PATH}/Podfile.lock",
				"${PODS_ROOT}/Manifest.lock",
			);
			name = "[CP] Check Pods Manifest.lock";
			outputFileListPaths = (
			);
			outputPaths = (
				"$(DERIVED_FILE_DIR)/Pods-Gesture-trainTests-checkManifestLockResult.txt",
			);
			runOnlyForDeploymentPostprocessing = 0;
			shellPath = /bin/sh;
			shellScript = "diff \"${PODS_PODFILE_DIR_PATH}/Podfile.lock\" \"${PODS_ROOT}/Manifest.lock\" > /dev/null\nif [ $? != 0 ] ; then\n    # print error to STDERR\n    echo \"error: The sandbox is not in sync with the Podfile.lock. Run 'pod install' or update your CocoaPods installation.\" >&2\n    exit 1\nfi\n# This output is used by Xcode 'outputs' to avoid re-running this script phase.\necho \"SUCCESS\" > \"${SCRIPT_OUTPUT_FILE_0}\"\n";
			showEnvVarsInLog = 0;
		};
/* End PBXShellScriptBuildPhase section */

/* Begin PBXSourcesBuildPhase section */
		018CF94125121C7600283418 /* Sources */ = {
			isa = PBXSourcesBuildPhase;
			buildActionMask = 2147483647;
			files = (
				018CF95025121C7600283418 /* ViewController.m in Sources */,
				018CF984251248C200283418 /* BDSAddTextView.m in Sources */,
				018CF94A25121C7600283418 /* AppDelegate.m in Sources */,
				018CF9812512486B00283418 /* BDSAddTextContainerView.m in Sources */,
				018CF95B25121C7900283418 /* main.m in Sources */,
				018CF94D25121C7600283418 /* SceneDelegate.m in Sources */,
			);
			runOnlyForDeploymentPostprocessing = 0;
		};
		018CF95C25121C7900283418 /* Sources */ = {
			isa = PBXSourcesBuildPhase;
			buildActionMask = 2147483647;
			files = (
				018CF96525121C7900283418 /* Gesture_trainTests.m in Sources */,
			);
			runOnlyForDeploymentPostprocessing = 0;
		};
		018CF96725121C7900283418 /* Sources */ = {
			isa = PBXSourcesBuildPhase;
			buildActionMask = 2147483647;
			files = (
				018CF97025121C7900283418 /* Gesture_trainUITests.m in Sources */,
			);
			runOnlyForDeploymentPostprocessing = 0;
		};
/* End PBXSourcesBuildPhase section */

/* Begin PBXTargetDependency section */
		018CF96225121C7900283418 /* PBXTargetDependency */ = {
			isa = PBXTargetDependency;
			target = 018CF94425121C7600283418 /* Gesture-train */;
			targetProxy = 018CF96125121C7900283418 /* PBXContainerItemProxy */;
		};
		018CF96D25121C7900283418 /* PBXTargetDependency */ = {
			isa = PBXTargetDependency;
			target = 018CF94425121C7600283418 /* Gesture-train */;
			targetProxy = 018CF96C25121C7900283418 /* PBXContainerItemProxy */;
		};
/* End PBXTargetDependency section */

/* Begin PBXVariantGroup section */
		018CF95125121C7600283418 /* Main.storyboard */ = {
			isa = PBXVariantGroup;
			children = (
				018CF95225121C7600283418 /* Base */,
			);
			name = Main.storyboard;
			sourceTree = "<group>";
		};
		018CF95625121C7900283418 /* LaunchScreen.storyboard */ = {
			isa = PBXVariantGroup;
			children = (
				018CF95725121C7900283418 /* Base */,
			);
			name = LaunchScreen.storyboard;
			sourceTree = "<group>";
		};
/* End PBXVariantGroup section */

/* Begin XCBuildConfiguration section */
		018CF97225121C7A00283418 /* Debug */ = {
			isa = XCBuildConfiguration;
			buildSettings = {
				ALWAYS_SEARCH_USER_PATHS = NO;
				CLANG_ANALYZER_NONNULL = YES;
				CLANG_ANALYZER_NUMBER_OBJECT_CONVERSION = YES_AGGRESSIVE;
				CLANG_CXX_LANGUAGE_STANDARD = "gnu++14";
				CLANG_CXX_LIBRARY = "libc++";
				CLANG_ENABLE_MODULES = YES;
				CLANG_ENABLE_OBJC_ARC = YES;
				CLANG_ENABLE_OBJC_WEAK = YES;
				CLANG_WARN_BLOCK_CAPTURE_AUTORELEASING = YES;
				CLANG_WARN_BOOL_CONVERSION = YES;
				CLANG_WARN_COMMA = YES;
				CLANG_WARN_CONSTANT_CONVERSION = YES;
				CLANG_WARN_DEPRECATED_OBJC_IMPLEMENTATIONS = YES;
				CLANG_WARN_DIRECT_OBJC_ISA_USAGE = YES_ERROR;
				CLANG_WARN_DOCUMENTATION_COMMENTS = YES;
				CLANG_WARN_EMPTY_BODY = YES;
				CLANG_WARN_ENUM_CONVERSION = YES;
				CLANG_WARN_INFINITE_RECURSION = YES;
				CLANG_WARN_INT_CONVERSION = YES;
				CLANG_WARN_NON_LITERAL_NULL_CONVERSION = YES;
				CLANG_WARN_OBJC_IMPLICIT_RETAIN_SELF = YES;
				CLANG_WARN_OBJC_LITERAL_CONVERSION = YES;
				CLANG_WARN_OBJC_ROOT_CLASS = YES_ERROR;
				CLANG_WARN_RANGE_LOOP_ANALYSIS = YES;
				CLANG_WARN_STRICT_PROTOTYPES = YES;
				CLANG_WARN_SUSPICIOUS_MOVE = YES;
				CLANG_WARN_UNGUARDED_AVAILABILITY = YES_AGGRESSIVE;
				CLANG_WARN_UNREACHABLE_CODE = YES;
				CLANG_WARN__DUPLICATE_METHOD_MATCH = YES;
				COPY_PHASE_STRIP = NO;
				DEBUG_INFORMATION_FORMAT = dwarf;
				ENABLE_STRICT_OBJC_MSGSEND = YES;
				ENABLE_TESTABILITY = YES;
				GCC_C_LANGUAGE_STANDARD = gnu11;
				GCC_DYNAMIC_NO_PIC = NO;
				GCC_NO_COMMON_BLOCKS = YES;
				GCC_OPTIMIZATION_LEVEL = 0;
				GCC_PREPROCESSOR_DEFINITIONS = (
					"DEBUG=1",
					"$(inherited)",
				);
				GCC_WARN_64_TO_32_BIT_CONVERSION = YES;
				GCC_WARN_ABOUT_RETURN_TYPE = YES_ERROR;
				GCC_WARN_UNDECLARED_SELECTOR = YES;
				GCC_WARN_UNINITIALIZED_AUTOS = YES_AGGRESSIVE;
				GCC_WARN_UNUSED_FUNCTION = YES;
				GCC_WARN_UNUSED_VARIABLE = YES;
				IPHONEOS_DEPLOYMENT_TARGET = 13.6;
				MTL_ENABLE_DEBUG_INFO = INCLUDE_SOURCE;
				MTL_FAST_MATH = YES;
				ONLY_ACTIVE_ARCH = YES;
				SDKROOT = iphoneos;
			};
			name = Debug;
		};
		018CF97325121C7A00283418 /* Release */ = {
			isa = XCBuildConfiguration;
			buildSettings = {
				ALWAYS_SEARCH_USER_PATHS = NO;
				CLANG_ANALYZER_NONNULL = YES;
				CLANG_ANALYZER_NUMBER_OBJECT_CONVERSION = YES_AGGRESSIVE;
				CLANG_CXX_LANGUAGE_STANDARD = "gnu++14";
				CLANG_CXX_LIBRARY = "libc++";
				CLANG_ENABLE_MODULES = YES;
				CLANG_ENABLE_OBJC_ARC = YES;
				CLANG_ENABLE_OBJC_WEAK = YES;
				CLANG_WARN_BLOCK_CAPTURE_AUTORELEASING = YES;
				CLANG_WARN_BOOL_CONVERSION = YES;
				CLANG_WARN_COMMA = YES;
				CLANG_WARN_CONSTANT_CONVERSION = YES;
				CLANG_WARN_DEPRECATED_OBJC_IMPLEMENTATIONS = YES;
				CLANG_WARN_DIRECT_OBJC_ISA_USAGE = YES_ERROR;
				CLANG_WARN_DOCUMENTATION_COMMENTS = YES;
				CLANG_WARN_EMPTY_BODY = YES;
				CLANG_WARN_ENUM_CONVERSION = YES;
				CLANG_WARN_INFINITE_RECURSION = YES;
				CLANG_WARN_INT_CONVERSION = YES;
				CLANG_WARN_NON_LITERAL_NULL_CONVERSION = YES;
				CLANG_WARN_OBJC_IMPLICIT_RETAIN_SELF = YES;
				CLANG_WARN_OBJC_LITERAL_CONVERSION = YES;
				CLANG_WARN_OBJC_ROOT_CLASS = YES_ERROR;
				CLANG_WARN_RANGE_LOOP_ANALYSIS = YES;
				CLANG_WARN_STRICT_PROTOTYPES = YES;
				CLANG_WARN_SUSPICIOUS_MOVE = YES;
				CLANG_WARN_UNGUARDED_AVAILABILITY = YES_AGGRESSIVE;
				CLANG_WARN_UNREACHABLE_CODE = YES;
				CLANG_WARN__DUPLICATE_METHOD_MATCH = YES;
				COPY_PHASE_STRIP = NO;
				DEBUG_INFORMATION_FORMAT = "dwarf-with-dsym";
				ENABLE_NS_ASSERTIONS = NO;
				ENABLE_STRICT_OBJC_MSGSEND = YES;
				GCC_C_LANGUAGE_STANDARD = gnu11;
				GCC_NO_COMMON_BLOCKS = YES;
				GCC_WARN_64_TO_32_BIT_CONVERSION = YES;
				GCC_WARN_ABOUT_RETURN_TYPE = YES_ERROR;
				GCC_WARN_UNDECLARED_SELECTOR = YES;
				GCC_WARN_UNINITIALIZED_AUTOS = YES_AGGRESSIVE;
				GCC_WARN_UNUSED_FUNCTION = YES;
				GCC_WARN_UNUSED_VARIABLE = YES;
				IPHONEOS_DEPLOYMENT_TARGET = 13.6;
				MTL_ENABLE_DEBUG_INFO = NO;
				MTL_FAST_MATH = YES;
				SDKROOT = iphoneos;
				VALIDATE_PRODUCT = YES;
			};
			name = Release;
		};
		018CF97525121C7A00283418 /* Debug */ = {
			isa = XCBuildConfiguration;
			baseConfigurationReference = A995F2E610211983619AFE2D /* Pods-Gesture-train.debug.xcconfig */;
			buildSettings = {
				ASSETCATALOG_COMPILER_APPICON_NAME = AppIcon;
				CODE_SIGN_STYLE = Automatic;
				DEVELOPMENT_TEAM = TY22G4W6AH;
				INFOPLIST_FILE = "Gesture-train/Info.plist";
				LD_RUNPATH_SEARCH_PATHS = (
					"$(inherited)",
					"@executable_path/Frameworks",
				);
				PRODUCT_BUNDLE_IDENTIFIER = "cqb.Gesture-train.chenquanbin";
				PRODUCT_NAME = "$(TARGET_NAME)";
				TARGETED_DEVICE_FAMILY = "1,2";
			};
			name = Debug;
		};
		018CF97625121C7A00283418 /* Release */ = {
			isa = XCBuildConfiguration;
			baseConfigurationReference = 29C4C64326A5E477983C11BB /* Pods-Gesture-train.release.xcconfig */;
			buildSettings = {
				ASSETCATALOG_COMPILER_APPICON_NAME = AppIcon;
				CODE_SIGN_STYLE = Automatic;
				DEVELOPMENT_TEAM = TY22G4W6AH;
				INFOPLIST_FILE = "Gesture-train/Info.plist";
				LD_RUNPATH_SEARCH_PATHS = (
					"$(inherited)",
					"@executable_path/Frameworks",
				);
				PRODUCT_BUNDLE_IDENTIFIER = "cqb.Gesture-train.chenquanbin";
				PRODUCT_NAME = "$(TARGET_NAME)";
				TARGETED_DEVICE_FAMILY = "1,2";
			};
			name = Release;
		};
		018CF97825121C7A00283418 /* Debug */ = {
			isa = XCBuildConfiguration;
			baseConfigurationReference = B889C288BDDA3D06E22ECECE /* Pods-Gesture-trainTests.debug.xcconfig */;
			buildSettings = {
				BUNDLE_LOADER = "$(TEST_HOST)";
				CODE_SIGN_STYLE = Automatic;
				INFOPLIST_FILE = "Gesture-trainTests/Info.plist";
				IPHONEOS_DEPLOYMENT_TARGET = 13.6;
				LD_RUNPATH_SEARCH_PATHS = (
					"$(inherited)",
					"@executable_path/Frameworks",
					"@loader_path/Frameworks",
				);
				PRODUCT_BUNDLE_IDENTIFIER = "cqb.Gesture-trainTests";
				PRODUCT_NAME = "$(TARGET_NAME)";
				TARGETED_DEVICE_FAMILY = "1,2";
				TEST_HOST = "$(BUILT_PRODUCTS_DIR)/Gesture-train.app/Gesture-train";
			};
			name = Debug;
		};
		018CF97925121C7A00283418 /* Release */ = {
			isa = XCBuildConfiguration;
			baseConfigurationReference = 8F7EE9B936F2D0BCA830D360 /* Pods-Gesture-trainTests.release.xcconfig */;
			buildSettings = {
				BUNDLE_LOADER = "$(TEST_HOST)";
				CODE_SIGN_STYLE = Automatic;
				INFOPLIST_FILE = "Gesture-trainTests/Info.plist";
				IPHONEOS_DEPLOYMENT_TARGET = 13.6;
				LD_RUNPATH_SEARCH_PATHS = (
					"$(inherited)",
					"@executable_path/Frameworks",
					"@loader_path/Frameworks",
				);
				PRODUCT_BUNDLE_IDENTIFIER = "cqb.Gesture-trainTests";
				PRODUCT_NAME = "$(TARGET_NAME)";
				TARGETED_DEVICE_FAMILY = "1,2";
				TEST_HOST = "$(BUILT_PRODUCTS_DIR)/Gesture-train.app/Gesture-train";
			};
			name = Release;
		};
		018CF97B25121C7A00283418 /* Debug */ = {
			isa = XCBuildConfiguration;
			baseConfigurationReference = 1D27DA41AAE0E8FE11ED2B21 /* Pods-Gesture-train-Gesture-trainUITests.debug.xcconfig */;
			buildSettings = {
				CODE_SIGN_STYLE = Automatic;
				INFOPLIST_FILE = "Gesture-trainUITests/Info.plist";
				LD_RUNPATH_SEARCH_PATHS = (
					"$(inherited)",
					"@executable_path/Frameworks",
					"@loader_path/Frameworks",
				);
				PRODUCT_BUNDLE_IDENTIFIER = "cqb.Gesture-trainUITests";
				PRODUCT_NAME = "$(TARGET_NAME)";
				TARGETED_DEVICE_FAMILY = "1,2";
				TEST_TARGET_NAME = "Gesture-train";
			};
			name = Debug;
		};
		018CF97C25121C7A00283418 /* Release */ = {
			isa = XCBuildConfiguration;
			baseConfigurationReference = 74F476FE7C15F5E2A0BEEDA7 /* Pods-Gesture-train-Gesture-trainUITests.release.xcconfig */;
			buildSettings = {
				CODE_SIGN_STYLE = Automatic;
				INFOPLIST_FILE = "Gesture-trainUITests/Info.plist";
				LD_RUNPATH_SEARCH_PATHS = (
					"$(inherited)",
					"@executable_path/Frameworks",
					"@loader_path/Frameworks",
				);
				PRODUCT_BUNDLE_IDENTIFIER = "cqb.Gesture-trainUITests";
				PRODUCT_NAME = "$(TARGET_NAME)";
				TARGETED_DEVICE_FAMILY = "1,2";
				TEST_TARGET_NAME = "Gesture-train";
			};
			name = Release;
		};
/* End XCBuildConfiguration section */

/* Begin XCConfigurationList section */
		018CF94025121C7600283418 /* Build configuration list for PBXProject "Gesture-train" */ = {
			isa = XCConfigurationList;
			buildConfigurations = (
				018CF97225121C7A00283418 /* Debug */,
				018CF97325121C7A00283418 /* Release */,
			);
			defaultConfigurationIsVisible = 0;
			defaultConfigurationName = Release;
		};
		018CF97425121C7A00283418 /* Build configuration list for PBXNativeTarget "Gesture-train" */ = {
			isa = XCConfigurationList;
			buildConfigurations = (
				018CF97525121C7A00283418 /* Debug */,
				018CF97625121C7A00283418 /* Release */,
			);
			defaultConfigurationIsVisible = 0;
			defaultConfigurationName = Release;
		};
		018CF97725121C7A00283418 /* Build configuration list for PBXNativeTarget "Gesture-trainTests" */ = {
			isa = XCConfigurationList;
			buildConfigurations = (
				018CF97825121C7A00283418 /* Debug */,
				018CF97925121C7A00283418 /* Release */,
			);
			defaultConfigurationIsVisible = 0;
			defaultConfigurationName = Release;
		};
		018CF97A25121C7A00283418 /* Build configuration list for PBXNativeTarget "Gesture-trainUITests" */ = {
			isa = XCConfigurationList;
			buildConfigurations = (
				018CF97B25121C7A00283418 /* Debug */,
				018CF97C25121C7A00283418 /* Release */,
			);
			defaultConfigurationIsVisible = 0;
			defaultConfigurationName = Release;
		};
/* End XCConfigurationList section */
	};
	rootObject = 018CF93D25121C7600283418 /* Project object */;
}
